
Microsoft Visual Studio Solution File, Format Version 12.00
# Visual Studio Version 17
VisualStudioVersion = 17.1.32407.343
MinimumVisualStudioVersion = 10.0.40219.1
Project("{FAE04EC0-301F-11D3-BF4B-00C04F79EFBC}") = "DemoConsumer-A", "DemoConsumer-A\DemoConsumer-A.csproj", "{EC320A88-04EA-4615-9936-82602D5F5C0B}"
EndProject
Global
	GlobalSection(SolutionConfigurationPlatforms) = preSolution
		Debug|Any CPU = Debug|Any CPU
		Release|Any CPU = Release|Any CPU
	EndGlobalSection
	GlobalSection(ProjectConfigurationPlatforms) = postSolution
		{EC320A88-04EA-4615-9936-82602D5F5C0B}.Debug|Any CPU.ActiveCfg = Debug|Any CPU
		{EC320A88-04EA-4615-9936-82602D5F5C0B}.Debug|Any CPU.Build.0 = Debug|Any CPU
		{EC320A88-04EA-4615-9936-82602D5F5C0B}.Release|Any CPU.ActiveCfg = Release|Any CPU
		{EC320A88-04EA-4615-9936-82602D5F5C0B}.Release|Any CPU.Build.0 = Release|Any CPU
	EndGlobalSection
	GlobalSection(SolutionProperties) = preSolution
		HideSolutionNode = FALSE
	EndGlobalSection
	GlobalSection(ExtensibilityGlobals) = postSolution
		SolutionGuid = {6708DBD7-EC99-418E-B529-783F089BC172}
	EndGlobalSection
EndGlobal
